# THIS IS AN AUTOGENERATED FILE. DO NOT EDIT THIS FILE DIRECTLY.
# yarn lockfile v1


"@esbuild/android-arm64@0.16.4":
  version "0.16.4"
  resolved "https://registry.yarnpkg.com/@esbuild/android-arm64/-/android-arm64-0.16.4.tgz#4b31b9e3da2e4c12a8170bd682f713c775f68ab1"
  integrity sha512-VPuTzXFm/m2fcGfN6CiwZTlLzxrKsWbPkG7ArRFpuxyaHUm/XFHQPD4xNwZT6uUmpIHhnSjcaCmcla8COzmZ5Q==

"@esbuild/android-arm@0.16.4":
  version "0.16.4"
  resolved "https://registry.yarnpkg.com/@esbuild/android-arm/-/android-arm-0.16.4.tgz#057d3e8b0ee41ff59386c33ba6dcf20f4bedd1f7"
  integrity sha512-rZzb7r22m20S1S7ufIc6DC6W659yxoOrl7sKP1nCYhuvUlnCFHVSbATG4keGUtV8rDz11sRRDbWkvQZpzPaHiw==

"@esbuild/android-x64@0.16.4":
  version "0.16.4"
  resolved "https://registry.yarnpkg.com/@esbuild/android-x64/-/android-x64-0.16.4.tgz#62ccab8ac1d3e6ef1df3fa2e1974bc2b8528d74a"
  integrity sha512-MW+B2O++BkcOfMWmuHXB15/l1i7wXhJFqbJhp82IBOais8RBEQv2vQz/jHrDEHaY2X0QY7Wfw86SBL2PbVOr0g==

"@esbuild/darwin-arm64@0.16.4":
  version "0.16.4"
  resolved "https://registry.yarnpkg.com/@esbuild/darwin-arm64/-/darwin-arm64-0.16.4.tgz#c19a6489d626c36fc611c85ccd8a3333c1f2a930"
  integrity sha512-a28X1O//aOfxwJVZVs7ZfM8Tyih2Za4nKJrBwW5Wm4yKsnwBy9aiS/xwpxiiTRttw3EaTg4Srerhcm6z0bu9Wg==

"@esbuild/darwin-x64@0.16.4":
  version "0.16.4"
  resolved "https://registry.yarnpkg.com/@esbuild/darwin-x64/-/darwin-x64-0.16.4.tgz#b726bbc84a1e277f6ec2509d10b8ee03f242b776"
  integrity sha512-e3doCr6Ecfwd7VzlaQqEPrnbvvPjE9uoTpxG5pyLzr2rI2NMjDHmvY1E5EO81O/e9TUOLLkXA5m6T8lfjK9yAA==

"@esbuild/freebsd-arm64@0.16.4":
  version "0.16.4"
  resolved "https://registry.yarnpkg.com/@esbuild/freebsd-arm64/-/freebsd-arm64-0.16.4.tgz#364568e6ca2901297f247de0681c9b14bbe658c8"
  integrity sha512-Oup3G/QxBgvvqnXWrBed7xxkFNwAwJVHZcklWyQt7YCAL5bfUkaa6FVWnR78rNQiM8MqqLiT6ZTZSdUFuVIg1w==

"@esbuild/freebsd-x64@0.16.4":
  version "0.16.4"
  resolved "https://registry.yarnpkg.com/@esbuild/freebsd-x64/-/freebsd-x64-0.16.4.tgz#44701ba4a5497ba64eec0a6c9e221d8f46a25e72"
  integrity sha512-vAP+eYOxlN/Bpo/TZmzEQapNS8W1njECrqkTpNgvXskkkJC2AwOXwZWai/Kc2vEFZUXQttx6UJbj9grqjD/+9Q==

"@esbuild/linux-arm64@0.16.4":
  version "0.16.4"
  resolved "https://registry.yarnpkg.com/@esbuild/linux-arm64/-/linux-arm64-0.16.4.tgz#b58fb418ec9ac714d8dbb38c787ff2441eb1d9db"
  integrity sha512-2zXoBhv4r5pZiyjBKrOdFP4CXOChxXiYD50LRUU+65DkdS5niPFHbboKZd/c81l0ezpw7AQnHeoCy5hFrzzs4g==

"@esbuild/linux-arm@0.16.4":
  version "0.16.4"
  resolved "https://registry.yarnpkg.com/@esbuild/linux-arm/-/linux-arm-0.16.4.tgz#b37f15ecddb53eeea466e5960e31a58f33e0e87e"
  integrity sha512-A47ZmtpIPyERxkSvIv+zLd6kNIOtJH03XA0Hy7jaceRDdQaQVGSDt4mZqpWqJYgDk9rg96aglbF6kCRvPGDSUA==

"@esbuild/linux-ia32@0.16.4":
  version "0.16.4"
  resolved "https://registry.yarnpkg.com/@esbuild/linux-ia32/-/linux-ia32-0.16.4.tgz#117e32a9680b5deac184ebee122f8575369fad1b"
  integrity sha512-uxdSrpe9wFhz4yBwt2kl2TxS/NWEINYBUFIxQtaEVtglm1eECvsj1vEKI0KX2k2wCe17zDdQ3v+jVxfwVfvvjw==

"@esbuild/linux-loong64@0.16.4":
  version "0.16.4"
  resolved "https://registry.yarnpkg.com/@esbuild/linux-loong64/-/linux-loong64-0.16.4.tgz#dd504fb83c280752d4b485d9acb3cf391cb7bf5b"
  integrity sha512-peDrrUuxbZ9Jw+DwLCh/9xmZAk0p0K1iY5d2IcwmnN+B87xw7kujOkig6ZRcZqgrXgeRGurRHn0ENMAjjD5DEg==

"@esbuild/linux-mips64el@0.16.4":
  version "0.16.4"
  resolved "https://registry.yarnpkg.com/@esbuild/linux-mips64el/-/linux-mips64el-0.16.4.tgz#9ab77e31cf3be1e35572afff94b51df8149d15bd"
  integrity sha512-sD9EEUoGtVhFjjsauWjflZklTNr57KdQ6xfloO4yH1u7vNQlOfAlhEzbyBKfgbJlW7rwXYBdl5/NcZ+Mg2XhQA==

"@esbuild/linux-ppc64@0.16.4":
  version "0.16.4"
  resolved "https://registry.yarnpkg.com/@esbuild/linux-ppc64/-/linux-ppc64-0.16.4.tgz#69d56c2a960808bee1c7b9b84a115220ec9ce05c"
  integrity sha512-X1HSqHUX9D+d0l6/nIh4ZZJ94eQky8d8z6yxAptpZE3FxCWYWvTDd9X9ST84MGZEJx04VYUD/AGgciddwO0b8g==

"@esbuild/linux-riscv64@0.16.4":
  version "0.16.4"
  resolved "https://registry.yarnpkg.com/@esbuild/linux-riscv64/-/linux-riscv64-0.16.4.tgz#9fc23583f4a1508a8d352bd376340e42217e8a90"
  integrity sha512-97ANpzyNp0GTXCt6SRdIx1ngwncpkV/z453ZuxbnBROCJ5p/55UjhbaG23UdHj88fGWLKPFtMoU4CBacz4j9FA==

"@esbuild/linux-s390x@0.16.4":
  version "0.16.4"
  resolved "https://registry.yarnpkg.com/@esbuild/linux-s390x/-/linux-s390x-0.16.4.tgz#4cae1f70ac2943f076dd130c3c80d28f57bf75d1"
  integrity sha512-pUvPQLPmbEeJRPjP0DYTC1vjHyhrnCklQmCGYbipkep+oyfTn7GTBJXoPodR7ZS5upmEyc8lzAkn2o29wD786A==

"@esbuild/linux-x64@0.16.4":
  version "0.16.4"
  resolved "https://registry.yarnpkg.com/@esbuild/linux-x64/-/linux-x64-0.16.4.tgz#fdf494de07cda23a2dc4b71ff1e0848e4ee6539c"
  integrity sha512-N55Q0mJs3Sl8+utPRPBrL6NLYZKBCLLx0bme/+RbjvMforTGGzFvsRl4xLTZMUBFC1poDzBEPTEu5nxizQ9Nlw==

"@esbuild/netbsd-x64@0.16.4":
  version "0.16.4"
  resolved "https://registry.yarnpkg.com/@esbuild/netbsd-x64/-/netbsd-x64-0.16.4.tgz#b59ecb49087119c575c0f64d7e66001d52799e24"
  integrity sha512-LHSJLit8jCObEQNYkgsDYBh2JrJT53oJO2HVdkSYLa6+zuLJh0lAr06brXIkljrlI+N7NNW1IAXGn/6IZPi3YQ==

"@esbuild/openbsd-x64@0.16.4":
  version "0.16.4"
  resolved "https://registry.yarnpkg.com/@esbuild/openbsd-x64/-/openbsd-x64-0.16.4.tgz#c51e36db875948b7b11d08bafa355605a1aa289c"
  integrity sha512-nLgdc6tWEhcCFg/WVFaUxHcPK3AP/bh+KEwKtl69Ay5IBqUwKDaq/6Xk0E+fh/FGjnLwqFSsarsbPHeKM8t8Sw==

"@esbuild/sunos-x64@0.16.4":
  version "0.16.4"
  resolved "https://registry.yarnpkg.com/@esbuild/sunos-x64/-/sunos-x64-0.16.4.tgz#0b50e941cd44f069e9f2573321aec984244ec228"
  integrity sha512-08SluG24GjPO3tXKk95/85n9kpyZtXCVwURR2i4myhrOfi3jspClV0xQQ0W0PYWHioJj+LejFMt41q+PG3mlAQ==

"@esbuild/win32-arm64@0.16.4":
  version "0.16.4"
  resolved "https://registry.yarnpkg.com/@esbuild/win32-arm64/-/win32-arm64-0.16.4.tgz#d1c93b20f17355ab2221cd18e13ae2f1b68013e3"
  integrity sha512-yYiRDQcqLYQSvNQcBKN7XogbrSvBE45FEQdH8fuXPl7cngzkCvpsG2H9Uey39IjQ6gqqc+Q4VXYHsQcKW0OMjQ==

"@esbuild/win32-ia32@0.16.4":
  version "0.16.4"
  resolved "https://registry.yarnpkg.com/@esbuild/win32-ia32/-/win32-ia32-0.16.4.tgz#df5910e76660e0acbbdceb8d4ae6bf1efeade6ae"
  integrity sha512-5rabnGIqexekYkh9zXG5waotq8mrdlRoBqAktjx2W3kb0zsI83mdCwrcAeKYirnUaTGztR5TxXcXmQrEzny83w==

"@esbuild/win32-x64@0.16.4":
  version "0.16.4"
  resolved "https://registry.yarnpkg.com/@esbuild/win32-x64/-/win32-x64-0.16.4.tgz#6ec594468610c176933da1387c609558371d37e0"
  integrity sha512-sN/I8FMPtmtT2Yw+Dly8Ur5vQ5a/RmC8hW7jO9PtPSQUPkowxWpcUZnqOggU7VwyT3Xkj6vcXWd3V/qTXwultQ==

"@swc/core-darwin-arm64@1.3.22":
  version "1.3.22"
  resolved "https://registry.yarnpkg.com/@swc/core-darwin-arm64/-/core-darwin-arm64-1.3.22.tgz#296db00b567d7fab0fc438eccc7334b53d54e2f2"
  integrity sha512-MMhtPsuXp8gpUgr9bs+RZQ2IyFGiUNDG93usCDAFgAF+6VVp+YaAVjET/3/Bx5Lk2WAt0RxT62C9KTEw1YMo3w==

"@swc/core-darwin-x64@1.3.22":
  version "1.3.22"
  resolved "https://registry.yarnpkg.com/@swc/core-darwin-x64/-/core-darwin-x64-1.3.22.tgz#3922972fccaa8c42e5bb1ec3f784e88b884bc3c7"
  integrity sha512-SG6QbNat4GZ5VJU3Zo6a54oQOtbhJVE6BCQw4JjOCZJmAeBzNebGy9wsT4+fCJNHC3C5qtaRw7ToXJvLniXwfg==

"@swc/core-linux-arm-gnueabihf@1.3.22":
  version "1.3.22"
  resolved "https://registry.yarnpkg.com/@swc/core-linux-arm-gnueabihf/-/core-linux-arm-gnueabihf-1.3.22.tgz#5484415986e6c498f295b73c0d9dffb777237ca6"
  integrity sha512-4E+TdQT1oHnHjDaPs/DyrRy9lOuFd6ncEd67yYA4j9lFqt6nuz/jnXss45k8KU7wR5kOTtdW73xPwkU4NbOWdw==

"@swc/core-linux-arm64-gnu@1.3.22":
  version "1.3.22"
  resolved "https://registry.yarnpkg.com/@swc/core-linux-arm64-gnu/-/core-linux-arm64-gnu-1.3.22.tgz#951406151966225e4082cc643aa202f18f6d0bcf"
  integrity sha512-6VcynOMbOBcbLutIPENI3Ejvg5LGz/Pwvzm25hM0FoiEtPxHA+tawQUwLx8Alk1Yr+Rnqid06UEZ0veJOGn2pQ==

"@swc/core-linux-arm64-musl@1.3.22":
  version "1.3.22"
  resolved "https://registry.yarnpkg.com/@swc/core-linux-arm64-musl/-/core-linux-arm64-musl-1.3.22.tgz#1f63fa7e3e61b00f9102e49f60520377491b61d6"
  integrity sha512-86RxGy0L3qa4De3xWHx8vL2caTxvSLSWTlgUW/Yd4l1pvrCFibMjhkImGu5ViKiReX9DlBtJ7CBs4dln2kHidw==

"@swc/core-linux-x64-gnu@1.3.22":
  version "1.3.22"
  resolved "https://registry.yarnpkg.com/@swc/core-linux-x64-gnu/-/core-linux-x64-gnu-1.3.22.tgz#64a38d253c7cdc8944980fa1f8cb3b6fc260afd1"
  integrity sha512-FLkbiqsdXsVIFZi6iedx4rSBGX8x0vo/5aDlklSxJAAYOcQpO0QADKP5Yr65iMT1d6ABCt2d+/StpGLF7GWOcA==

"@swc/core-linux-x64-musl@1.3.22":
  version "1.3.22"
  resolved "https://registry.yarnpkg.com/@swc/core-linux-x64-musl/-/core-linux-x64-musl-1.3.22.tgz#33f6abf28cc26eba1979e488776e006a09285463"
  integrity sha512-giBuw+Z0Bq6fpZ0Y5TcfpcQwf9p/cE1fOQyO/K1XSTn/haQOqFi7421Jq/dFThSARZiXw1u9Om9VFbwxr8VI+A==

"@swc/core-win32-arm64-msvc@1.3.22":
  version "1.3.22"
  resolved "https://registry.yarnpkg.com/@swc/core-win32-arm64-msvc/-/core-win32-arm64-msvc-1.3.22.tgz#4b5a05157d5d442866d543090a52b2a9624766bc"
  integrity sha512-loKGO+ZM2By6VdrmVJk1G79jVgDPaee93qLFuis5KyeoLLb4m1MlNMc/6SIDZUSuYg6NqaGP1spFeiFetMQ4Zg==

"@swc/core-win32-ia32-msvc@1.3.22":
  version "1.3.22"
  resolved "https://registry.yarnpkg.com/@swc/core-win32-ia32-msvc/-/core-win32-ia32-msvc-1.3.22.tgz#ec067667b7a665ef3b4fe97c3aa4c1d15e3a496d"
  integrity sha512-lvNWAZ3QjXMsrsch6oLLQVikT/hC/4ZcLrTBXa14HwQylaYigkGElgp3ekJr78HjWDPwB46GXwBbNMG0VNAfvA==

"@swc/core-win32-x64-msvc@1.3.22":
  version "1.3.22"
  resolved "https://registry.yarnpkg.com/@swc/core-win32-x64-msvc/-/core-win32-x64-msvc-1.3.22.tgz#fb820b1aa03605363d141c9656d966a25000790f"
  integrity sha512-ESyn4lZXAKEE3mcTaDfXatsolCiEfVGstsXdgBmZYa6o1IE1bDW8FE7Ob/Y+82WTpm9+A9ZYXYjZ62t67POHZg==

"@swc/core@^1.3.21":
  version "1.3.22"
  resolved "https://registry.yarnpkg.com/@swc/core/-/core-1.3.22.tgz#2b631f7b54d6e11eb2e8ae505bca1dbbc6fb7160"
  integrity sha512-oQ9EPEb7NgWcGIDoVfLCuffvtC4MzVtrwjqwKzFHP8FUh1fn8+2wraOjkkDXW74BB4Hgve5ykkaHix9bebB9Ww==
  optionalDependencies:
    "@swc/core-darwin-arm64" "1.3.22"
    "@swc/core-darwin-x64" "1.3.22"
    "@swc/core-linux-arm-gnueabihf" "1.3.22"
    "@swc/core-linux-arm64-gnu" "1.3.22"
    "@swc/core-linux-arm64-musl" "1.3.22"
    "@swc/core-linux-x64-gnu" "1.3.22"
    "@swc/core-linux-x64-musl" "1.3.22"
    "@swc/core-win32-arm64-msvc" "1.3.22"
    "@swc/core-win32-ia32-msvc" "1.3.22"
    "@swc/core-win32-x64-msvc" "1.3.22"

"@types/prop-types@*":
  version "15.7.5"
  resolved "https://registry.yarnpkg.com/@types/prop-types/-/prop-types-15.7.5.tgz#5f19d2b85a98e9558036f6a3cacc8819420f05cf"
  integrity sha512-JCB8C6SnDoQf0cNycqd/35A7MjcnK+ZTqE7judS6o7utxUCg6imJg3QK2qzHKszlTjcj2cn+NwMB2i96ubpj7w==

"@types/react-dom@^18.0.9":
  version "18.0.9"
  resolved "https://registry.yarnpkg.com/@types/react-dom/-/react-dom-18.0.9.tgz#ffee5e4bfc2a2f8774b15496474f8e7fe8d0b504"
  integrity sha512-qnVvHxASt/H7i+XG1U1xMiY5t+IHcPGUK7TDMDzom08xa7e86eCeKOiLZezwCKVxJn6NEiiy2ekgX8aQssjIKg==
  dependencies:
    "@types/react" "*"

"@types/react@*", "@types/react@^18.0.26":
  version "18.0.26"
  resolved "https://registry.yarnpkg.com/@types/react/-/react-18.0.26.tgz#8ad59fc01fef8eaf5c74f4ea392621749f0b7917"
  integrity sha512-hCR3PJQsAIXyxhTNSiDFY//LhnMZWpNNr5etoCqx/iUfGc5gXWtQR2Phl908jVR6uPXacojQWTg4qRpkxTuGug==
  dependencies:
    "@types/prop-types" "*"
    "@types/scheduler" "*"
    csstype "^3.0.2"

"@types/scheduler@*":
  version "0.16.2"
  resolved "https://registry.yarnpkg.com/@types/scheduler/-/scheduler-0.16.2.tgz#1a62f89525723dde24ba1b01b092bf5df8ad4d39"
  integrity sha512-hppQEBDmlwhFAXKJX2KnWLYu5yMfi91yazPb2l+lbJiwW+wdo1gNeRA+3RgNSO39WYX2euey41KEwnqesU2Jew==

"@vitejs/plugin-react-swc@^3.0.0":
  version "3.0.0"
  resolved "https://registry.yarnpkg.com/@vitejs/plugin-react-swc/-/plugin-react-swc-3.0.0.tgz#a0dbf235ae0fdd937a302901d1433dffdaa5cb3b"
  integrity sha512-vYlodz/mjYRbxMGbHzDgR8aPR+z8n7K/enWkyBGH096xrL2DIPCuTvQVRYPTXGyy6wO7OFiMxZ3r4nKQD1sH0A==
  dependencies:
    "@swc/core" "^1.3.21"

csstype@^3.0.2:
  version "3.1.1"
  resolved "https://registry.yarnpkg.com/csstype/-/csstype-3.1.1.tgz#841b532c45c758ee546a11d5bd7b7b473c8c30b9"
  integrity sha512-DJR/VvkAvSZW9bTouZue2sSxDwdTN92uHjqeKVm+0dAqdfNykRzQ95tay8aXMBAAPpUiq4Qcug2L7neoRh2Egw==

esbuild@^0.16.3:
  version "0.16.4"
  resolved "https://registry.yarnpkg.com/esbuild/-/esbuild-0.16.4.tgz#06c86298d233386f5e41bcc14d36086daf3f40bd"
  integrity sha512-qQrPMQpPTWf8jHugLWHoGqZjApyx3OEm76dlTXobHwh/EBbavbRdjXdYi/GWr43GyN0sfpap14GPkb05NH3ROA==
  optionalDependencies:
    "@esbuild/android-arm" "0.16.4"
    "@esbuild/android-arm64" "0.16.4"
    "@esbuild/android-x64" "0.16.4"
    "@esbuild/darwin-arm64" "0.16.4"
    "@esbuild/darwin-x64" "0.16.4"
    "@esbuild/freebsd-arm64" "0.16.4"
    "@esbuild/freebsd-x64" "0.16.4"
    "@esbuild/linux-arm" "0.16.4"
    "@esbuild/linux-arm64" "0.16.4"
    "@esbuild/linux-ia32" "0.16.4"
    "@esbuild/linux-loong64" "0.16.4"
    "@esbuild/linux-mips64el" "0.16.4"
    "@esbuild/linux-ppc64" "0.16.4"
    "@esbuild/linux-riscv64" "0.16.4"
    "@esbuild/linux-s390x" "0.16.4"
    "@esbuild/linux-x64" "0.16.4"
    "@esbuild/netbsd-x64" "0.16.4"
    "@esbuild/openbsd-x64" "0.16.4"
    "@esbuild/sunos-x64" "0.16.4"
    "@esbuild/win32-arm64" "0.16.4"
    "@esbuild/win32-ia32" "0.16.4"
    "@esbuild/win32-x64" "0.16.4"

fast-deep-equal@^3.1.3:
  version "3.1.3"
  resolved "https://registry.yarnpkg.com/fast-deep-equal/-/fast-deep-equal-3.1.3.tgz#3a7d56b559d6cbc3eb512325244e619a65c6c525"
  integrity sha512-f3qQ9oQy9j2AhBe/H9VC91wLmKBCCU/gDOnKNAYG5hswO7BLKj09Hc5HYNz9cGI++xlpDCIgDaitVs03ATR84Q==

fsevents@~2.3.2:
  version "2.3.2"
  resolved "https://registry.yarnpkg.com/fsevents/-/fsevents-2.3.2.tgz#8a526f78b8fdf4623b709e0b975c52c24c02fd1a"
  integrity sha512-xiqMQR4xAeHTuB9uWm+fFRcIOgKBMiOBP+eXiyT7jsgVCq1bkVygt00oASowB7EdtpOHaaPgKt812P9ab+DDKA==

function-bind@^1.1.1:
  version "1.1.1"
  resolved "https://registry.yarnpkg.com/function-bind/-/function-bind-1.1.1.tgz#a56899d3ea3c9bab874bb9773b7c5ede92f4895d"
  integrity sha512-yIovAzMX49sF8Yl58fSCWJ5svSLuaibPxXQJFLmBObTuCr0Mf1KiPopGM9NiFjiYBCbfaa2Fh6breQ6ANVTI0A==

has@^1.0.3:
  version "1.0.3"
  resolved "https://registry.yarnpkg.com/has/-/has-1.0.3.tgz#722d7cbfc1f6aa8241f16dd814e011e1f41e8796"
  integrity sha512-f2dvO0VU6Oej7RkWJGrehjbzMAjFp5/VKPp5tTpWIV4JHHZK1/BxbFRtf/siA2SWTe09caDmVtYYzWEIbBS4zw==
  dependencies:
    function-bind "^1.1.1"

is-core-module@^2.9.0:
  version "2.11.0"
  resolved "https://registry.yarnpkg.com/is-core-module/-/is-core-module-2.11.0.tgz#ad4cb3e3863e814523c96f3f58d26cc570ff0144"
  integrity sha512-RRjxlvLDkD1YJwDbroBHMb+cukurkDWNyHx7D3oNB5x9rb5ogcksMC5wHCadcXoo67gVr/+3GFySh3134zi6rw==
  dependencies:
    has "^1.0.3"

"js-tokens@^3.0.0 || ^4.0.0":
  version "4.0.0"
  resolved "https://registry.yarnpkg.com/js-tokens/-/js-tokens-4.0.0.tgz#19203fb59991df98e3a287050d4647cdeaf32499"
  integrity sha512-RdJUflcE3cUzKiMqQgsCu06FPu9UdIJO0beYbPhHN4k6apgJtifcoCtT9bcxOpYBtpD2kCM6Sbzg4CausW/PKQ==

loose-envify@^1.1.0:
  version "1.4.0"
  resolved "https://registry.yarnpkg.com/loose-envify/-/loose-envify-1.4.0.tgz#71ee51fa7be4caec1a63839f7e682d8132d30caf"
  integrity sha512-lyuxPGr/Wfhrlem2CL/UcnUc1zcqKAImBDzukY7Y5F/yQiNdko6+fRLevlw1HgMySw7f611UIY408EtxRSoK3Q==
  dependencies:
    js-tokens "^3.0.0 || ^4.0.0"

nanoid@^3.3.4:
  version "3.3.4"
  resolved "https://registry.yarnpkg.com/nanoid/-/nanoid-3.3.4.tgz#730b67e3cd09e2deacf03c027c81c9d9dbc5e8ab"
  integrity sha512-MqBkQh/OHTS2egovRtLk45wEyNXwF+cokD+1YPf9u5VfJiRdAiRwB2froX5Co9Rh20xs4siNPm8naNotSD6RBw==

path-parse@^1.0.7:
  version "1.0.7"
  resolved "https://registry.yarnpkg.com/path-parse/-/path-parse-1.0.7.tgz#fbc114b60ca42b30d9daf5858e4bd68bbedb6735"
  integrity sha512-LDJzPVEEEPR+y48z93A0Ed0yXb8pAByGWo/k5YYdYgpY2/2EsOsksJrq7lOHxryrVOn1ejG6oAp8ahvOIQD8sw==

picocolors@^1.0.0:
  version "1.0.0"
  resolved "https://registry.yarnpkg.com/picocolors/-/picocolors-1.0.0.tgz#cb5bdc74ff3f51892236eaf79d68bc44564ab81c"
  integrity sha512-1fygroTLlHu66zi26VoTDv8yRgm0Fccecssto+MhsZ0D/DGW2sm8E8AjW7NU5VVTRt5GxbeZ5qBuJr+HyLYkjQ==

postcss@^8.4.20:
  version "8.4.20"
  resolved "https://registry.yarnpkg.com/postcss/-/postcss-8.4.20.tgz#64c52f509644cecad8567e949f4081d98349dc56"
  integrity sha512-6Q04AXR1212bXr5fh03u8aAwbLxAQNGQ/Q1LNa0VfOI06ZAlhPHtQvE4OIdpj4kLThXilalPnmDSOD65DcHt+g==
  dependencies:
    nanoid "^3.3.4"
    picocolors "^1.0.0"
    source-map-js "^1.0.2"

react-dom@^18.2.0:
  version "18.2.0"
  resolved "https://registry.yarnpkg.com/react-dom/-/react-dom-18.2.0.tgz#22aaf38708db2674ed9ada224ca4aa708d821e3d"
  integrity sha512-6IMTriUmvsjHUjNtEDudZfuDQUoWXVxKHhlEGSk81n4YFS+r/Kl99wXiwlVXtPBtJenozv2P+hxDsw9eA7Xo6g==
  dependencies:
    loose-envify "^1.1.0"
    scheduler "^0.23.0"

react-tsparticles@^2.6.0:
  version "2.6.0"
  resolved "https://registry.yarnpkg.com/react-tsparticles/-/react-tsparticles-2.6.0.tgz#226bbf6548afb50ffbde7326db9aebc4a91d8e80"
  integrity sha512-AtJ/rsseC1eh+8AKfVlWq8E5tNOcfcbxeSI+UHBJTx5j+BvAexf+Db/WGMeWoff+sMzSJbKtY/brMVu+89AOPw==
  dependencies:
    fast-deep-equal "^3.1.3"
    tsparticles-engine "^2.6.0"

react@^18.2.0:
  version "18.2.0"
  resolved "https://registry.yarnpkg.com/react/-/react-18.2.0.tgz#555bd98592883255fa00de14f1151a917b5d77d5"
  integrity sha512-/3IjMdb2L9QbBdWiW5e3P2/npwMBaU9mHCSCUzNln0ZCYbcfTsGbTJrU/kGemdH2IWmB2ioZ+zkxtmq6g09fGQ==
  dependencies:
    loose-envify "^1.1.0"

resolve@^1.22.1:
  version "1.22.1"
  resolved "https://registry.yarnpkg.com/resolve/-/resolve-1.22.1.tgz#27cb2ebb53f91abb49470a928bba7558066ac177"
  integrity sha512-nBpuuYuY5jFsli/JIs1oldw6fOQCBioohqWZg/2hiaOybXOft4lonv85uDOKXdf8rhyK159cxU5cDcK/NKk8zw==
  dependencies:
    is-core-module "^2.9.0"
    path-parse "^1.0.7"
    supports-preserve-symlinks-flag "^1.0.0"

rollup@^3.7.0:
  version "3.7.4"
  resolved "https://registry.yarnpkg.com/rollup/-/rollup-3.7.4.tgz#993c3b30eff1df96f5eafb7c2ef7648960f2fa34"
  integrity sha512-jN9rx3k5pfg9H9al0r0y1EYKSeiRANZRYX32SuNXAnKzh6cVyf4LZVto1KAuDnbHT03E1CpsgqDKaqQ8FZtgxw==
  optionalDependencies:
    fsevents "~2.3.2"

scheduler@^0.23.0:
  version "0.23.0"
  resolved "https://registry.yarnpkg.com/scheduler/-/scheduler-0.23.0.tgz#ba8041afc3d30eb206a487b6b384002e4e61fdfe"
  integrity sha512-CtuThmgHNg7zIZWAXi3AsyIzA3n4xx7aNyjwC2VJldO2LMVDhFK+63xGqq6CsJH4rTAt6/M+N4GhZiDYPx9eUw==
  dependencies:
    loose-envify "^1.1.0"

source-map-js@^1.0.2:
  version "1.0.2"
  resolved "https://registry.yarnpkg.com/source-map-js/-/source-map-js-1.0.2.tgz#adbc361d9c62df380125e7f161f71c826f1e490c"
  integrity sha512-R0XvVJ9WusLiqTCEiGCmICCMplcCkIwwR11mOSD9CR5u+IXYdiseeEuXCVAjS54zqwkLcPNnmU4OeJ6tUrWhDw==

supports-preserve-symlinks-flag@^1.0.0:
  version "1.0.0"
  resolved "https://registry.yarnpkg.com/supports-preserve-symlinks-flag/-/supports-preserve-symlinks-flag-1.0.0.tgz#6eda4bd344a3c94aea376d4cc31bc77311039e09"
  integrity sha512-ot0WnXS9fgdkgIcePe6RHNk1WA8+muPa6cSjeR3V8K27q9BB1rTE3R1p7Hv0z1ZyAc8s6Vvv8DIyWf681MAt0w==

tsparticles-engine@^2.6.0:
  version "2.6.0"
  resolved "https://registry.yarnpkg.com/tsparticles-engine/-/tsparticles-engine-2.6.0.tgz#78ae1a9b0270c6d7607529016a96d52a8ada3711"
  integrity sha512-Kai80jf9mjQVP9WVKqCpxegi7HquVMtiniC2PKrY9aO9E546Lsll+ueUdKeWsSoXBVseN1yqHJcpOKkJy61hIw==

tsparticles-interaction-external-attract@^2.6.0:
  version "2.6.0"
  resolved "https://registry.yarnpkg.com/tsparticles-interaction-external-attract/-/tsparticles-interaction-external-attract-2.6.0.tgz#f442ccef5b0de68597319dc7172e372f75213c0f"
  integrity sha512-XHf+USJVPSTbFup6Sc2QAHZnY/R3O8cQIS1t5OvotrihQ0Oj65xs8i1kiPALdT6V0jEghUkuC6kndav5s0xYNQ==
  dependencies:
    tsparticles-engine "^2.6.0"

tsparticles-interaction-external-bounce@^2.6.0:
  version "2.6.0"
  resolved "https://registry.yarnpkg.com/tsparticles-interaction-external-bounce/-/tsparticles-interaction-external-bounce-2.6.0.tgz#15606bf22473497ead41e8859d10221729117207"
  integrity sha512-Cd7ihbdoryu2LMSARRgLuZPZIwoEgtTO6UriNETbmjKg8IzaahDOkLHwwHL8Cs05nzyHlkBWJk+YlcAqVta/9Q==
  dependencies:
    tsparticles-engine "^2.6.0"

tsparticles-interaction-external-bubble@^2.6.0:
  version "2.6.0"
  resolved "https://registry.yarnpkg.com/tsparticles-interaction-external-bubble/-/tsparticles-interaction-external-bubble-2.6.0.tgz#fea30e5fe4ebb2b71ab0ed9c8d328ce12434d135"
  integrity sha512-YDtRWxE89kIESIsgukOUn38stAIBw2gy9+GC1vK6THNetp6n2hDv7pYXdMIjMPExNWATrhMqCjeZkpmYnzzGFg==
  dependencies:
    tsparticles-engine "^2.6.0"

tsparticles-interaction-external-connect@^2.6.0:
  version "2.6.0"
  resolved "https://registry.yarnpkg.com/tsparticles-interaction-external-connect/-/tsparticles-interaction-external-connect-2.6.0.tgz#7a140e1c0009cd65bf96eab9aac330bec59a329c"
  integrity sha512-xJPJa7BUoemYSRDwltS9UDQ+XyUAv4s1h5pR1HUwnVD1t/TSN5lhloR2HI3mzoIvKvSBXQCWb0biUMTeXywmmA==
  dependencies:
    tsparticles-engine "^2.6.0"

tsparticles-interaction-external-grab@^2.6.0:
  version "2.6.0"
  resolved "https://registry.yarnpkg.com/tsparticles-interaction-external-grab/-/tsparticles-interaction-external-grab-2.6.0.tgz#5e221e04adb045d976d6805a88895fcefdff08df"
  integrity sha512-+RQqgIs2ibcPpx2cIn89pb4P/jehBnnLZSVA2k+jGTrAjL1J6ihFU29MbhuHIFw50JIDhTPsHZllBFFMlrQHXQ==
  dependencies:
    tsparticles-engine "^2.6.0"

tsparticles-interaction-external-pause@^2.6.0:
  version "2.6.0"
  resolved "https://registry.yarnpkg.com/tsparticles-interaction-external-pause/-/tsparticles-interaction-external-pause-2.6.0.tgz#a0f7bb52c86f5a5a76e22635a535c6a3aff88128"
  integrity sha512-tq7rtKLNaSyNr3P+e9V6aHM5GzR2d+k1rpe4/O/K54xG44e9N7nUBgBaTXT29LuEpvxj44arVE9iDbCA+6TqJg==
  dependencies:
    tsparticles-engine "^2.6.0"

tsparticles-interaction-external-push@^2.6.0:
  version "2.6.0"
  resolved "https://registry.yarnpkg.com/tsparticles-interaction-external-push/-/tsparticles-interaction-external-push-2.6.0.tgz#de65e55e75bdbd792bb2910a5483ad2be05048fb"
  integrity sha512-DjYARXHbGTim5OHZaNpxyYsWB6WcaLrocnCY4XNGdayRqIHuSiAfNMut5Y4NnAVZKfacAe7Wpd8NUSDsicwu4g==
  dependencies:
    tsparticles-engine "^2.6.0"

tsparticles-interaction-external-remove@^2.6.0:
  version "2.6.0"
  resolved "https://registry.yarnpkg.com/tsparticles-interaction-external-remove/-/tsparticles-interaction-external-remove-2.6.0.tgz#7a72e430c8c566c56ec158197b667c40c9a9f5fb"
  integrity sha512-x9FM3b3XlvLE6WZpPRZ8ABbeOnJ4seKd7y2RsZJt4Tj8Qqn96bw/5iAC79N87j4ycLZux5hBTLbGECbdaoiZdA==
  dependencies:
    tsparticles-engine "^2.6.0"

tsparticles-interaction-external-repulse@^2.6.0:
  version "2.6.0"
  resolved "https://registry.yarnpkg.com/tsparticles-interaction-external-repulse/-/tsparticles-interaction-external-repulse-2.6.0.tgz#e8499847be8051779fb62a08949d1cb64d0591dd"
  integrity sha512-VNZe5NdxNPbv1mHvD4wGVCaRn5QKFRVM65Bid4AniLTQ/+bhoJ8UkoJZr5ImsOcjYM+gW4O3pUUzNCXoTf+mYw==
  dependencies:
    tsparticles-engine "^2.6.0"

tsparticles-interaction-external-slow@^2.6.0:
  version "2.6.0"
  resolved "https://registry.yarnpkg.com/tsparticles-interaction-external-slow/-/tsparticles-interaction-external-slow-2.6.0.tgz#0bd1c8c72d44b151e2159f1d09333a9264ffc3d6"
  integrity sha512-Z4FYOQ/6jQ7GD1ErYZptXcy2MalUxcMdpXzsGmX1XotbnYmlGaypS9joSi/Pb1pZHI7PxVMfer8iP6HtKwj+EQ==
  dependencies:
    tsparticles-engine "^2.6.0"

tsparticles-interaction-external-trail@^2.6.0:
  version "2.6.0"
  resolved "https://registry.yarnpkg.com/tsparticles-interaction-external-trail/-/tsparticles-interaction-external-trail-2.6.0.tgz#22a63d4c342f83328be22b6a948df4d48f73968a"
  integrity sha512-dSmfHevh81JeYHsad6Z6/3t9+1uKfXYAGVUXx1TN4jSvLGpSKsdVG9Tg7Gasw/fidKcbNMrsipTbIq1dJhDraA==
  dependencies:
    tsparticles-engine "^2.6.0"

tsparticles-interaction-particles-attract@^2.6.0:
  version "2.6.0"
  resolved "https://registry.yarnpkg.com/tsparticles-interaction-particles-attract/-/tsparticles-interaction-particles-attract-2.6.0.tgz#106f69202e247f0163c412e63bb5a7e0af5a6682"
  integrity sha512-CbwcrSvxoHNgQJ18clpqzezeTMGM4g7D+pE10ApDnX8zIK1uc8IoUfdqHSMnSO3UYyWyqHrrcBDak2Ruj+fDwg==
  dependencies:
    tsparticles-engine "^2.6.0"

tsparticles-interaction-particles-collisions@^2.6.0:
  version "2.6.0"
  resolved "https://registry.yarnpkg.com/tsparticles-interaction-particles-collisions/-/tsparticles-interaction-particles-collisions-2.6.0.tgz#48bcf8f57b6ea902ab95e1a5cff25e1796e9255f"
  integrity sha512-9oPOY4uLzbD/klyYPUjksShf8oNAJji1p6/CZUGweBxSoYHBGFeY/SKj3XTfaojwWlacVm9skiXyhaPaf5epSA==
  dependencies:
    tsparticles-engine "^2.6.0"

tsparticles-interaction-particles-links@^2.6.0:
  version "2.6.0"
  resolved "https://registry.yarnpkg.com/tsparticles-interaction-particles-links/-/tsparticles-interaction-particles-links-2.6.0.tgz#6c654bdb337734d17aa5ac2701af3c36a7884996"
  integrity sha512-4CeXv1sOo2jjuvx3Mej90CFz9/VyX/VsKHMlT2U3U2JbbqV9bDJeglLBg6J/LWb4lE+q2VYRIv6JzsdHrJibHA==
  dependencies:
    tsparticles-engine "^2.6.0"

tsparticles-move-base@^2.6.0:
  version "2.6.0"
  resolved "https://registry.yarnpkg.com/tsparticles-move-base/-/tsparticles-move-base-2.6.0.tgz#fde9113fed888ea74aea2e549c75b16a72b79c96"
  integrity sha512-McnAM+N0P2xKdzAHYHn1QIiWF7jrSVmRPiTaWeQ4PMwLzPiPdPCBP6VfCRvw3YUiSfq4eNgPdPIJXckxhoVcOQ==
  dependencies:
    tsparticles-engine "^2.6.0"

tsparticles-move-parallax@^2.6.0:
  version "2.6.0"
  resolved "https://registry.yarnpkg.com/tsparticles-move-parallax/-/tsparticles-move-parallax-2.6.0.tgz#93118a82bd270824b4c39df64ec06a33fb0770d2"
  integrity sha512-ES+1ScHPwslbE3piG+qqqV/e7P5vwauhHXXyIRK8sNHVlG8BHCpSOCoUqny/B8Zpbz7QLoU9GW7a2jxTy3DuDQ==
  dependencies:
    tsparticles-engine "^2.6.0"

tsparticles-particles.js@^2.6.0:
  version "2.6.0"
  resolved "https://registry.yarnpkg.com/tsparticles-particles.js/-/tsparticles-particles.js-2.6.0.tgz#2f1a52bbae3aa3c84c00ce84362e259587128d43"
  integrity sha512-T7/j8IedlRGlc5XCVu9KIAgslSB+QLizuV9tDg6jgEceKXd4yCuzrbAzZJfDlIv6icHNBr9iGqkSMNl2L9tVEg==
  dependencies:
    tsparticles-engine "^2.6.0"

tsparticles-plugin-absorbers@^2.6.0:
  version "2.6.0"
  resolved "https://registry.yarnpkg.com/tsparticles-plugin-absorbers/-/tsparticles-plugin-absorbers-2.6.0.tgz#db5598509bd29e62fa5b9f34e9b48b40294d1f9d"
  integrity sha512-7qZGUL9+zqA06hARh8UcEc5uOo4ePjyrOmQch4XvYxI5Z2e3uqlsS5IJMm/Dbu3tIUmbU4FlFzy9MW8DkE9xeg==
  dependencies:
    tsparticles-engine "^2.6.0"

tsparticles-plugin-easing-quad@^2.6.0:
  version "2.6.0"
  resolved "https://registry.yarnpkg.com/tsparticles-plugin-easing-quad/-/tsparticles-plugin-easing-quad-2.6.0.tgz#4d83790bc1429c5ebb77753130a29f9e2658d1cc"
  integrity sha512-Sl3XaFVCcr1kLyPdoK/NluhvFIhNInlHmZ7X+j6FjCOGIphUPur0X3eClW97BcDFwSTfsTKV/TWJWg7iid5GeA==
  dependencies:
    tsparticles-engine "^2.6.0"

tsparticles-plugin-emitters@^2.6.0:
  version "2.6.0"
  resolved "https://registry.yarnpkg.com/tsparticles-plugin-emitters/-/tsparticles-plugin-emitters-2.6.0.tgz#aeaa247bf79deb8d45bb0273d17346aa6987643a"
  integrity sha512-IGFlCgDwt3YA2vjhDqnHcC2FIROnO89ub6WMuf3zafJlv/mc2mgJo6mqVOV0XDCpFFO/Hxp/p1P9DC6COljpsw==
  dependencies:
    tsparticles-engine "^2.6.0"

tsparticles-shape-circle@^2.6.0:
  version "2.6.0"
  resolved "https://registry.yarnpkg.com/tsparticles-shape-circle/-/tsparticles-shape-circle-2.6.0.tgz#619c937be7eddefe48e0dc2bff5a5b18caa9fb77"
  integrity sha512-+uEIickybaOeSbjstg/tSiTX1s1CJ8Onpsoh9Lax9sO1pDNBt71W0i53tm0m99KyAUWBcakyk1zwONFBZZ89Tg==
  dependencies:
    tsparticles-engine "^2.6.0"

tsparticles-shape-image@^2.6.0:
  version "2.6.0"
  resolved "https://registry.yarnpkg.com/tsparticles-shape-image/-/tsparticles-shape-image-2.6.0.tgz#c0d2753236c9f8d9939cfe100ea77ae100bb4277"
  integrity sha512-hKGdTTyVHuZPGRQQdIXooVihaJRvR38XlDdJdFh1QC+QuFBJrwH9w5FPvBwWkfmP+YYy/JscYmOmpCYmWEHmXw==
  dependencies:
    tsparticles-engine "^2.6.0"

tsparticles-shape-line@^2.6.0:
  version "2.6.0"
  resolved "https://registry.yarnpkg.com/tsparticles-shape-line/-/tsparticles-shape-line-2.6.0.tgz#e5a196f62cc5f0fb0ddb9a21e416ccb5b31d9163"
  integrity sha512-IeWgDSJ//KrmP9us3ORFm3c5DkTPTQpFNoSijDphRs4ivW91+QY70/ieC/OEwbtyXBT3ex+d28PPKeteqf0LUw==
  dependencies:
    tsparticles-engine "^2.6.0"

tsparticles-shape-polygon@^2.6.0:
  version "2.6.0"
  resolved "https://registry.yarnpkg.com/tsparticles-shape-polygon/-/tsparticles-shape-polygon-2.6.0.tgz#f5a0b9e176f6977a3f9db48e1197167cc966b0df"
  integrity sha512-/HSjcoJBNCogY2ZWTf2JvYOsqcnfD/v/6AXSNB+d7J5pXvndP8eqrLtJ8lmLYZ7hg+Gm1QYpslgOkBZPXbEf/w==
  dependencies:
    tsparticles-engine "^2.6.0"

tsparticles-shape-square@^2.6.0:
  version "2.6.0"
  resolved "https://registry.yarnpkg.com/tsparticles-shape-square/-/tsparticles-shape-square-2.6.0.tgz#67e080029a1dc8cedd3959778a292537f7cd45e3"
  integrity sha512-3rRMbVzTtE5klhQp6FhzJxJYTUDh8K51q00R/dq/wlb6apUA1T/PnUjG/rb7lyRX1r7L2O/LIstfFr9q1OcK5Q==
  dependencies:
    tsparticles-engine "^2.6.0"

tsparticles-shape-star@^2.6.0:
  version "2.6.0"
  resolved "https://registry.yarnpkg.com/tsparticles-shape-star/-/tsparticles-shape-star-2.6.0.tgz#a279c287a3b8725f715f91e2bd0f57df09f1ecf9"
  integrity sha512-+uudZKm/T/3QEvDOPbGdR8noHsKugTTkjapF51zOR25TTbihoPHlioO/4OEVF5Hk9hY34avkyniBY8rpmouI/Q==
  dependencies:
    tsparticles-engine "^2.6.0"

tsparticles-shape-text@^2.6.0:
  version "2.6.0"
  resolved "https://registry.yarnpkg.com/tsparticles-shape-text/-/tsparticles-shape-text-2.6.0.tgz#12a784090c9146afa6715e4dad8abe35228cf85a"
  integrity sha512-aaxbMu8L72FsvpxrCXnDjUGr/Fu3LBdsRc0ltL6TxbVohHeb9WFPIvs1tVtsUnk2wJtYgHa0R489rq8HafPQJQ==
  dependencies:
    tsparticles-engine "^2.6.0"

tsparticles-slim@^2.6.0:
  version "2.6.0"
  resolved "https://registry.yarnpkg.com/tsparticles-slim/-/tsparticles-slim-2.6.0.tgz#f4ea288d5039677a8059e0f5504817e990e6bcd8"
  integrity sha512-F0DL/z8iPe/QZeJhJysvqOCMS0+GdmrpnFmvmML9xCki97DKpStvBYhld8XgPVD5qDVFiBVtpm86pu8lPbxTJw==
  dependencies:
    tsparticles-engine "^2.6.0"
    tsparticles-interaction-external-attract "^2.6.0"
    tsparticles-interaction-external-bounce "^2.6.0"
    tsparticles-interaction-external-bubble "^2.6.0"
    tsparticles-interaction-external-connect "^2.6.0"
    tsparticles-interaction-external-grab "^2.6.0"
    tsparticles-interaction-external-pause "^2.6.0"
    tsparticles-interaction-external-push "^2.6.0"
    tsparticles-interaction-external-remove "^2.6.0"
    tsparticles-interaction-external-repulse "^2.6.0"
    tsparticles-interaction-external-slow "^2.6.0"
    tsparticles-interaction-particles-attract "^2.6.0"
    tsparticles-interaction-particles-collisions "^2.6.0"
    tsparticles-interaction-particles-links "^2.6.0"
    tsparticles-move-base "^2.6.0"
    tsparticles-move-parallax "^2.6.0"
    tsparticles-particles.js "^2.6.0"
    tsparticles-plugin-easing-quad "^2.6.0"
    tsparticles-shape-circle "^2.6.0"
    tsparticles-shape-image "^2.6.0"
    tsparticles-shape-line "^2.6.0"
    tsparticles-shape-polygon "^2.6.0"
    tsparticles-shape-square "^2.6.0"
    tsparticles-shape-star "^2.6.0"
    tsparticles-shape-text "^2.6.0"
    tsparticles-updater-angle "^2.6.0"
    tsparticles-updater-color "^2.6.0"
    tsparticles-updater-life "^2.6.0"
    tsparticles-updater-opacity "^2.6.0"
    tsparticles-updater-out-modes "^2.6.0"
    tsparticles-updater-size "^2.6.0"
    tsparticles-updater-stroke-color "^2.6.0"

tsparticles-updater-angle@^2.6.0:
  version "2.6.0"
  resolved "https://registry.yarnpkg.com/tsparticles-updater-angle/-/tsparticles-updater-angle-2.6.0.tgz#4cca57d56d05b05def5186738e2e0de2061cce5e"
  integrity sha512-MFQjJJZn3BAPdLqjm6lblIyCo4TjoWWSSf4fC4mRiUhAcMY4UAg5L4lSeZoqQNlOQ8eRhwmo3FmYELpjqjpjrQ==
  dependencies:
    tsparticles-engine "^2.6.0"

tsparticles-updater-color@^2.6.0:
  version "2.6.0"
  resolved "https://registry.yarnpkg.com/tsparticles-updater-color/-/tsparticles-updater-color-2.6.0.tgz#1dc176fd87c4232fbbf49929c1d1f5895633c7a1"
  integrity sha512-r/4V0hVq7k/9WKXslTneiBXefpbCLPNJL/hXlv/9i54x2U8ZncgOJBiUQxYY0wKktipccHD1YHjxoTR4nQfw1Q==
  dependencies:
    tsparticles-engine "^2.6.0"

tsparticles-updater-destroy@^2.6.0:
  version "2.6.0"
  resolved "https://registry.yarnpkg.com/tsparticles-updater-destroy/-/tsparticles-updater-destroy-2.6.0.tgz#68a30167e5a6b529741735f97076047d88f7a436"
  integrity sha512-f49zQ0KQbODvv/UantfW6xovaDuk7Bf9pzU54SsJflFGD7YTI7nlV6Lp4gIWMQGcedMcuMFSGXmU4G4lzj7+1g==
  dependencies:
    tsparticles-engine "^2.6.0"

tsparticles-updater-life@^2.6.0:
  version "2.6.0"
  resolved "https://registry.yarnpkg.com/tsparticles-updater-life/-/tsparticles-updater-life-2.6.0.tgz#5abd778ff985d52243eb378f205719c567b01699"
  integrity sha512-teJAad55BioqNlqAANc7KociZ7PZZ8WyPSO5NI/QlxeX9ShxEzdQIKMGDEMU8K7OTWMBjlrRChm7TlJ2KkTJ1A==
  dependencies:
    tsparticles-engine "^2.6.0"

tsparticles-updater-opacity@^2.6.0:
  version "2.6.0"
  resolved "https://registry.yarnpkg.com/tsparticles-updater-opacity/-/tsparticles-updater-opacity-2.6.0.tgz#db0f192ae74d9787084b609ba1bb011c5460dbff"
  integrity sha512-Plhlj8qMQFhATA9FACAUPWLS6iXyCBcKZqXFGaQAHMsXFAqn6D5Kd3V4fe858KN2YnKQDjohbIZlYBJawsVLQg==
  dependencies:
    tsparticles-engine "^2.6.0"

tsparticles-updater-out-modes@^2.6.0:
  version "2.6.0"
  resolved "https://registry.yarnpkg.com/tsparticles-updater-out-modes/-/tsparticles-updater-out-modes-2.6.0.tgz#fe3433c823dbec6cba99fe46291d1e27b408dbb4"
  integrity sha512-WdH7OhLkYCnDDKoe7+h8EX/mPTdxSyOgiTXimombW3Bds0N91Q/9HRsUfi6sKpqE8fPaitEULkomf58PJKXA4g==
  dependencies:
    tsparticles-engine "^2.6.0"

tsparticles-updater-roll@^2.6.0:
  version "2.6.0"
  resolved "https://registry.yarnpkg.com/tsparticles-updater-roll/-/tsparticles-updater-roll-2.6.0.tgz#0958e569901e3a0253e9425b012a7d62a722bad8"
  integrity sha512-23373EKikLOutISkl92J+zVMI68gcVj9Wbefm71SvooNs4uuUEtnKqYNi3qAz5AWH7mdOXpfMGs5PG16Mq/HQQ==
  dependencies:
    tsparticles-engine "^2.6.0"

tsparticles-updater-size@^2.6.0:
  version "2.6.0"
  resolved "https://registry.yarnpkg.com/tsparticles-updater-size/-/tsparticles-updater-size-2.6.0.tgz#c7612207d81b46b9a9a7d2b23508eb9c601cf066"
  integrity sha512-7CEW+2JuLJY8UYkn0Kr35cNS4cxmvkRR2OAnjNI4hKndxzOWH/CAAFe1uuhzfhao+xXqIH6V6hizbrIVkaCsPQ==
  dependencies:
    tsparticles-engine "^2.6.0"

tsparticles-updater-stroke-color@^2.6.0:
  version "2.6.0"
  resolved "https://registry.yarnpkg.com/tsparticles-updater-stroke-color/-/tsparticles-updater-stroke-color-2.6.0.tgz#c533e248882f0e1b38ff560c45577b7e521508ba"
  integrity sha512-o70eA/NQmcXxvuu+ngvQDOpN04XSCXwth6eIibvWdNmxwtd8CmCgT+enzHNathfoCFOa5na4e7ngK/brqd79UQ==
  dependencies:
    tsparticles-engine "^2.6.0"

tsparticles-updater-tilt@^2.6.0:
  version "2.6.0"
  resolved "https://registry.yarnpkg.com/tsparticles-updater-tilt/-/tsparticles-updater-tilt-2.6.0.tgz#987df2ada4474ede86c772c22d3a59551a5c70a8"
  integrity sha512-PyrGBHPQj30sImyO64WR/UEWHNqvV3Y8ls5Y5aDc7O2xrQAdMNUD2nnGdfXMJTEjt0p4pcsClBEcVJUJEE90hQ==
  dependencies:
    tsparticles-engine "^2.6.0"

tsparticles-updater-twinkle@^2.6.0:
  version "2.6.0"
  resolved "https://registry.yarnpkg.com/tsparticles-updater-twinkle/-/tsparticles-updater-twinkle-2.6.0.tgz#4f99e67e7b4f4ea24a97e61e84661ded33eaca1f"
  integrity sha512-CqLzr+SgDfueVI8V9u/dRQ4Nef4/EWTQRB8MjwJw0pHMYFxsuzV5wmVj4vIlSHCmok8LZT4OQ81XApFYEzHkDg==
  dependencies:
    tsparticles-engine "^2.6.0"

tsparticles-updater-wobble@^2.6.0:
  version "2.6.0"
  resolved "https://registry.yarnpkg.com/tsparticles-updater-wobble/-/tsparticles-updater-wobble-2.6.0.tgz#81cde6de99d655d2c5c87fe5c1ce2fb94f183097"
  integrity sha512-wXNWPRTYGpOJVW/7TzC/E9GpowMS9TEIHMaTvdhtAKktcF4Ja0DBCJxuF14q6c+lzq7P31JOs4+EqI7zIbQaXw==
  dependencies:
    tsparticles-engine "^2.6.0"

tsparticles@^2.6.0:
  version "2.6.0"
  resolved "https://registry.yarnpkg.com/tsparticles/-/tsparticles-2.6.0.tgz#a91be3ba9f551342e1880616634d8c292371a87f"
  integrity sha512-8gJlKw+fQxCB7qb+VSwXAvyRk7gVkNieOdORg70xitULXMNG1kX8fVqhqBo4PXnA3S/0CNNjfUNUjMjVzn6lyA==
  dependencies:
    tsparticles-engine "^2.6.0"
    tsparticles-interaction-external-trail "^2.6.0"
    tsparticles-plugin-absorbers "^2.6.0"
    tsparticles-plugin-emitters "^2.6.0"
    tsparticles-slim "^2.6.0"
    tsparticles-updater-destroy "^2.6.0"
    tsparticles-updater-roll "^2.6.0"
    tsparticles-updater-tilt "^2.6.0"
    tsparticles-updater-twinkle "^2.6.0"
    tsparticles-updater-wobble "^2.6.0"

typescript@^4.9.3:
  version "4.9.4"
  resolved "https://registry.yarnpkg.com/typescript/-/typescript-4.9.4.tgz#a2a3d2756c079abda241d75f149df9d561091e78"
  integrity sha512-Uz+dTXYzxXXbsFpM86Wh3dKCxrQqUcVMxwU54orwlJjOpO3ao8L7j5lH+dWfTwgCwIuM9GQ2kvVotzYJMXTBZg==

vite@^4.0.0:
  version "4.0.1"
  resolved "https://registry.yarnpkg.com/vite/-/vite-4.0.1.tgz#e0a54d818c28ae47fd27bcac6a4a952c6a658502"
  integrity sha512-kZQPzbDau35iWOhy3CpkrRC7It+HIHtulAzBhMqzGHKRf/4+vmh8rPDDdv98SWQrFWo6//3ozwsRmwQIPZsK9g==
  dependencies:
    esbuild "^0.16.3"
    postcss "^8.4.20"
    resolve "^1.22.1"
    rollup "^3.7.0"
  optionalDependencies:
    fsevents "~2.3.2"
